// !$*UTF8*$!
{
	archiveVersion = 1;
	classes = {
	};
	objectVersion = 38;
	objects = {
		014CEA440018CDF011CA2923 = {
			buildRules = (
			);
			buildSettings = {
				COPY_PHASE_STRIP = NO;
				OPTIMIZATION_CFLAGS = "-O0";
			};
			isa = PBXBuildStyle;
			name = Development;
		};
		014CEA450018CDF011CA2923 = {
			buildRules = (
			);
			buildSettings = {
				COPY_PHASE_STRIP = YES;
			};
			isa = PBXBuildStyle;
			name = Deployment;
		};
//010
//011
//012
//013
//014
//030
//031
//032
//033
//034
		034768DFFF38A50411DB9C8B = {
			children = (
				034768E0FF38A50411DB9C8B,
			);
			isa = PBXGroup;
			name = Products;
			refType = 4;
		};
		034768E0FF38A50411DB9C8B = {
			isa = PBXFrameworkReference;
			path = ici.framework;
			refType = 3;
		};
//030
//031
//032
//033
//034
//080
//081
//082
//083
//084
		0867D690FE84028FC02AAC07 = {
			buildStyles = (
				014CEA440018CDF011CA2923,
				014CEA450018CDF011CA2923,
			);
			hasScannedForEncodings = 1;
			isa = PBXProject;
			mainGroup = 0867D691FE84028FC02AAC07;
			productRefGroup = 034768DFFF38A50411DB9C8B;
			projectDirPath = "";
			targets = (
				0867D69CFE84028FC02AAC07,
			);
		};
		0867D691FE84028FC02AAC07 = {
			children = (
				A1226BB903DDE3E000A80108,
				A1226BB803DDE3D700A80108,
				089C1665FE841158C02AAC07,
				0867D69AFE84028FC02AAC07,
				034768DFFF38A50411DB9C8B,
			);
			isa = PBXGroup;
			name = ici;
			refType = 4;
		};
		0867D69AFE84028FC02AAC07 = {
			children = (
				1058C7B0FEA5585E11CA2CBB,
				1058C7B2FEA5585E11CA2CBB,
			);
			isa = PBXGroup;
			name = "External Frameworks and Libraries";
			refType = 4;
		};
		0867D69BFE84028FC02AAC07 = {
			isa = PBXFrameworkReference;
			name = Foundation.framework;
			path = /System/Library/Frameworks/Foundation.framework;
			refType = 0;
		};
		0867D69CFE84028FC02AAC07 = {
			buildPhases = (
				0867D69DFE84028FC02AAC07,
				0867D69EFE84028FC02AAC07,
				0867D69FFE84028FC02AAC07,
				0867D6A0FE84028FC02AAC07,
				0867D6A2FE84028FC02AAC07,
			);
			buildSettings = {
				DYLIB_COMPATIBILITY_VERSION = 1;
				DYLIB_CURRENT_VERSION = 1;
				FRAMEWORK_SEARCH_PATHS = "";
				FRAMEWORK_VERSION = A;
				HEADER_SEARCH_PATHS = "";
				INSTALL_PATH = "$(HOME)/Library/Frameworks";
				LIBRARY_SEARCH_PATHS = "";
				OPTIMIZATION_CFLAGS = "-O2";
				OTHER_LDFLAGS = "";
				PRECOMPILE_PREFIX_HEADER = YES;
				PREFIX_HEADER = ../../fwd.h;
				PRODUCT_NAME = ici;
				SECTORDER_FLAGS = "";
				WARNING_CFLAGS = "-Wmost -Wno-four-char-constants -Wno-unknown-pragmas";
				WRAPPER_EXTENSION = framework;
			};
			dependencies = (
			);
			isa = PBXFrameworkTarget;
			name = ici;
			productInstallPath = "$(HOME)/Library/Frameworks";
			productName = ici;
			productReference = 034768E0FF38A50411DB9C8B;
			productSettingsXML = "<?xml version=\"1.0\" encoding=\"UTF-8\"?>
<!DOCTYPE plist PUBLIC \"-//Apple Computer//DTD PLIST 1.0//EN\" \"http://www.apple.com/DTDs/PropertyList-1.0.dtd\">
<plist version=\"1.0\">
<dict>
	<key>CFBundleDevelopmentRegion</key>
	<string>English</string>
	<key>CFBundleExecutable</key>
	<string>ici</string>
	<key>CFBundleIconFile</key>
	<string></string>
	<key>CFBundleIdentifier</key>
	<string></string>
	<key>CFBundleInfoDictionaryVersion</key>
	<string>6.0</string>
	<key>CFBundlePackageType</key>
	<string>FMWK</string>
	<key>CFBundleSignature</key>
	<string>????</string>
	<key>CFBundleVersion</key>
	<string>0.0.1d1</string>
	<key>NSPrincipalClass</key>
	<string></string>
</dict>
</plist>
";
		};
		0867D69DFE84028FC02AAC07 = {
			buildActionMask = 2147483647;
			files = (
				A1226C5203DDE4D100A80108,
				A1226C5303DDE4D100A80108,
				A1226C5403DDE4D100A80108,
				A1226C5503DDE4D100A80108,
				A1226C5603DDE4D100A80108,
				A1226C5703DDE4D100A80108,
				A1226C5803DDE4D100A80108,
				A1226C5903DDE4D100A80108,
				A1226C5A03DDE4D100A80108,
				A1226C5B03DDE4D100A80108,
				A1226C5C03DDE4D100A80108,
				A1226C5D03DDE4D100A80108,
				A1226C5E03DDE4D100A80108,
				A1226C5F03DDE4D100A80108,
				A1226C6003DDE4D100A80108,
				A1226C6103DDE4D100A80108,
				A1226C6203DDE4D100A80108,
				A1226C6303DDE4D100A80108,
				A1226C6403DDE4D100A80108,
				A1226C6503DDE4D100A80108,
				A1226C6603DDE4D100A80108,
				A1226C6703DDE4D100A80108,
				A1226C6803DDE4D100A80108,
				A1226C6903DDE4D100A80108,
				A1226C6A03DDE4D100A80108,
				A1226C6B03DDE4D100A80108,
				A1226C6C03DDE4D100A80108,
				A1226C6D03DDE4D100A80108,
				A1226C6E03DDE4D100A80108,
				A1226C6F03DDE4D100A80108,
				A1226C7003DDE4D100A80108,
				A1226C7103DDE4D100A80108,
				A1226C7203DDE4D100A80108,
				A1226C7303DDE4D100A80108,
				A1226C7C03DDE59E00A80108,
				A1226C7D03DDE59E00A80108,
			);
			isa = PBXHeadersBuildPhase;
			runOnlyForDeploymentPostprocessing = 0;
		};
		0867D69EFE84028FC02AAC07 = {
			buildActionMask = 2147483647;
			files = (
				089C1668FE841158C02AAC07,
			);
			isa = PBXResourcesBuildPhase;
			runOnlyForDeploymentPostprocessing = 0;
		};
		0867D69FFE84028FC02AAC07 = {
			buildActionMask = 2147483647;
			files = (
				A1226BF503DDE47000A80108,
				A1226BF603DDE47000A80108,
				A1226BF703DDE47000A80108,
				A1226BF803DDE47000A80108,
				A1226BF903DDE47000A80108,
				A1226BFA03DDE47000A80108,
				A1226BFB03DDE47000A80108,
				A1226BFC03DDE47000A80108,
				A1226BFD03DDE47000A80108,
				A1226BFE03DDE47000A80108,
				A1226BFF03DDE47000A80108,
				A1226C0003DDE47000A80108,
				A1226C0103DDE47000A80108,
				A1226C0203DDE47000A80108,
				A1226C0303DDE47000A80108,
				A1226C0403DDE47000A80108,
				A1226C0503DDE47000A80108,
				A1226C0603DDE47000A80108,
				A1226C0703DDE47000A80108,
				A1226C0803DDE47000A80108,
				A1226C0903DDE47000A80108,
				A1226C0A03DDE47000A80108,
				A1226C0B03DDE47000A80108,
				A1226C0C03DDE47000A80108,
				A1226C0D03DDE47000A80108,
				A1226C0E03DDE47000A80108,
				A1226C0F03DDE47000A80108,
				A1226C1003DDE47000A80108,
				A1226C1103DDE47000A80108,
				A1226C1203DDE47000A80108,
				A1226C1303DDE47000A80108,
				A1226C1403DDE47000A80108,
				A1226C1503DDE47000A80108,
				A1226C1603DDE47000A80108,
				A1226C1703DDE47000A80108,
				A1226C1803DDE47000A80108,
				A1226C1903DDE47000A80108,
				A1226C1A03DDE47000A80108,
				A1226C1B03DDE47000A80108,
				A1226C1C03DDE47000A80108,
				A1226C1D03DDE47000A80108,
				A1226C1E03DDE47000A80108,
				A1226C1F03DDE47000A80108,
				A1226C2003DDE47000A80108,
				A1226C2103DDE47000A80108,
				A1226C2203DDE47000A80108,
				A1226C2303DDE47000A80108,
				A1226C2403DDE47000A80108,
				A1226C2503DDE47000A80108,
				A1226C2603DDE47000A80108,
				A1226C2703DDE47000A80108,
				A1226C2803DDE47000A80108,
				A1226C2903DDE47000A80108,
				A1226C2A03DDE47000A80108,
				A1226C2B03DDE47000A80108,
				A1226C2C03DDE47000A80108,
				A1226C2D03DDE47000A80108,
				A1226C2E03DDE47000A80108,
				A1226C2F03DDE47000A80108,
				A1226C7703DDE58800A80108,
				A1226C7803DDE58800A80108,
				A1226C7903DDE58800A80108,
				A1226C7F03DDE5B900A80108,
			);
			isa = PBXSourcesBuildPhase;
			runOnlyForDeploymentPostprocessing = 0;
		};
		0867D6A0FE84028FC02AAC07 = {
			buildActionMask = 2147483647;
			files = (
			);
			isa = PBXFrameworksBuildPhase;
			runOnlyForDeploymentPostprocessing = 0;
		};
		0867D6A2FE84028FC02AAC07 = {
			buildActionMask = 2147483647;
			files = (
			);
			isa = PBXRezBuildPhase;
			runOnlyForDeploymentPostprocessing = 0;
		};
		089C1665FE841158C02AAC07 = {
			children = (
				089C1666FE841158C02AAC07,
			);
			isa = PBXGroup;
			name = Resources;
			refType = 4;
		};
		089C1666FE841158C02AAC07 = {
			children = (
				089C1667FE841158C02AAC07,
			);
			isa = PBXVariantGroup;
			name = InfoPlist.strings;
			refType = 4;
		};
		089C1667FE841158C02AAC07 = {
			fileEncoding = 10;
			isa = PBXFileReference;
			name = English;
			path = English.lproj/InfoPlist.strings;
			refType = 4;
		};
		089C1668FE841158C02AAC07 = {
			fileRef = 089C1666FE841158C02AAC07;
			isa = PBXBuildFile;
			settings = {
			};
		};
//080
//081
//082
//083
//084
//100
//101
//102
//103
//104
		1058C7B0FEA5585E11CA2CBB = {
			children = (
			);
			isa = PBXGroup;
			name = "Linked Frameworks";
			refType = 4;
		};
		1058C7B2FEA5585E11CA2CBB = {
			children = (
				0867D69BFE84028FC02AAC07,
			);
			isa = PBXGroup;
			name = "Other Frameworks";
			refType = 4;
		};
//100
//101
//102
//103
//104
//A10
//A11
//A12
//A13
//A14
		A1226BB803DDE3D700A80108 = {
			children = (
				A1226BBA03DDE47000A80108,
				A1226BBB03DDE47000A80108,
				A1226BBC03DDE47000A80108,
				A1226BBD03DDE47000A80108,
				A1226BBE03DDE47000A80108,
				A1226BBF03DDE47000A80108,
				A1226BC003DDE47000A80108,
				A1226BC103DDE47000A80108,
				A1226BC203DDE47000A80108,
				A1226BC303DDE47000A80108,
				A1226BC403DDE47000A80108,
				A1226BC503DDE47000A80108,
				A1226BC603DDE47000A80108,
				A1226BC703DDE47000A80108,
				A1226BC803DDE47000A80108,
				A1226BC903DDE47000A80108,
				A1226BCA03DDE47000A80108,
				A1226BCB03DDE47000A80108,
				A1226BCC03DDE47000A80108,
				A1226BCD03DDE47000A80108,
				A1226BCE03DDE47000A80108,
				A1226BCF03DDE47000A80108,
				A1226BD003DDE47000A80108,
				A1226BD103DDE47000A80108,
				A1226BD203DDE47000A80108,
				A1226BD303DDE47000A80108,
				A1226BD403DDE47000A80108,
				A1226BD503DDE47000A80108,
				A1226BD603DDE47000A80108,
				A1226BD703DDE47000A80108,
				A1226BD803DDE47000A80108,
				A1226BD903DDE47000A80108,
				A1226BDA03DDE47000A80108,
				A1226BDB03DDE47000A80108,
				A1226BDC03DDE47000A80108,
				A1226BDD03DDE47000A80108,
				A1226BDE03DDE47000A80108,
				A1226BDF03DDE47000A80108,
				A1226BE003DDE47000A80108,
				A1226BE103DDE47000A80108,
				A1226BE203DDE47000A80108,
				A1226BE303DDE47000A80108,
				A1226BE403DDE47000A80108,
				A1226BE503DDE47000A80108,
				A1226BE603DDE47000A80108,
				A1226BE703DDE47000A80108,
				A1226BE803DDE47000A80108,
				A1226BE903DDE47000A80108,
				A1226BEA03DDE47000A80108,
				A1226BEB03DDE47000A80108,
				A1226BEC03DDE47000A80108,
				A1226BED03DDE47000A80108,
				A1226BEE03DDE47000A80108,
				A1226BEF03DDE47000A80108,
				A1226BF003DDE47000A80108,
				A1226BF103DDE47000A80108,
				A1226BF203DDE47000A80108,
				A1226BF303DDE47000A80108,
				A1226BF403DDE47000A80108,
				A1226C7403DDE58800A80108,
				A1226C7503DDE58800A80108,
				A1226C7603DDE58800A80108,
				A1226C7E03DDE5B900A80108,
			);
			isa = PBXGroup;
			name = Sources;
			refType = 4;
		};
		A1226BB903DDE3E000A80108 = {
			children = (
				A1226C3003DDE4D100A80108,
				A1226C3103DDE4D100A80108,
				A1226C3203DDE4D100A80108,
				A1226C3303DDE4D100A80108,
				A1226C3403DDE4D100A80108,
				A1226C3503DDE4D100A80108,
				A1226C3603DDE4D100A80108,
				A1226C3703DDE4D100A80108,
				A1226C3803DDE4D100A80108,
				A1226C3903DDE4D100A80108,
				A1226C3A03DDE4D100A80108,
				A1226C3B03DDE4D100A80108,
				A1226C3C03DDE4D100A80108,
				A1226C3D03DDE4D100A80108,
				A1226C3E03DDE4D100A80108,
				A1226C3F03DDE4D100A80108,
				A1226C4003DDE4D100A80108,
				A1226C4103DDE4D100A80108,
				A1226C4203DDE4D100A80108,
				A1226C4303DDE4D100A80108,
				A1226C4403DDE4D100A80108,
				A1226C4503DDE4D100A80108,
				A1226C4603DDE4D100A80108,
				A1226C4703DDE4D100A80108,
				A1226C4803DDE4D100A80108,
				A1226C4903DDE4D100A80108,
				A1226C4A03DDE4D100A80108,
				A1226C4B03DDE4D100A80108,
				A1226C4C03DDE4D100A80108,
				A1226C4D03DDE4D100A80108,
				A1226C4E03DDE4D100A80108,
				A1226C4F03DDE4D100A80108,
				A1226C5003DDE4D100A80108,
				A1226C5103DDE4D100A80108,
				A1226C7A03DDE59E00A80108,
				A1226C7B03DDE59E00A80108,
			);
			isa = PBXGroup;
			name = Headers;
			refType = 4;
		};
		A1226BBA03DDE47000A80108 = {
			fileEncoding = 30;
			isa = PBXFileReference;
			name = alloc.c;
			path = ../../alloc.c;
			refType = 2;
		};
		A1226BBB03DDE47000A80108 = {
			fileEncoding = 30;
			isa = PBXFileReference;
			name = aplfuncs.c;
			path = ../../aplfuncs.c;
			refType = 2;
		};
		A1226BBC03DDE47000A80108 = {
			fileEncoding = 30;
			isa = PBXFileReference;
			name = arith.c;
			path = ../../arith.c;
			refType = 2;
		};
		A1226BBD03DDE47000A80108 = {
			fileEncoding = 30;
			isa = PBXFileReference;
			name = array.c;
			path = ../../array.c;
			refType = 2;
		};
		A1226BBE03DDE47000A80108 = {
			fileEncoding = 30;
			isa = PBXFileReference;
			name = buf.c;
			path = ../../buf.c;
			refType = 2;
		};
		A1226BBF03DDE47000A80108 = {
			fileEncoding = 30;
			isa = PBXFileReference;
			name = call.c;
			path = ../../call.c;
			refType = 2;
		};
		A1226BC003DDE47000A80108 = {
			fileEncoding = 30;
			isa = PBXFileReference;
			name = catch.c;
			path = ../../catch.c;
			refType = 2;
		};
		A1226BC103DDE47000A80108 = {
			fileEncoding = 30;
			isa = PBXFileReference;
			name = cfunc.c;
			path = ../../cfunc.c;
			refType = 2;
		};
		A1226BC203DDE47000A80108 = {
			fileEncoding = 30;
			isa = PBXFileReference;
			name = cfunco.c;
			path = ../../cfunco.c;
			refType = 2;
		};
		A1226BC303DDE47000A80108 = {
			fileEncoding = 30;
			isa = PBXFileReference;
			name = clib.c;
			path = ../../clib.c;
			refType = 2;
		};
		A1226BC403DDE47000A80108 = {
			fileEncoding = 30;
			isa = PBXFileReference;
			name = clib2.c;
			path = ../../clib2.c;
			refType = 2;
		};
		A1226BC503DDE47000A80108 = {
			fileEncoding = 30;
			isa = PBXFileReference;
			name = compile.c;
			path = ../../compile.c;
			refType = 2;
		};
		A1226BC603DDE47000A80108 = {
			fileEncoding = 30;
			isa = PBXFileReference;
			name = conf.c;
			path = ../../conf.c;
			refType = 2;
		};
		A1226BC703DDE47000A80108 = {
			fileEncoding = 30;
			isa = PBXFileReference;
			name = control.c;
			path = ../../control.c;
			refType = 2;
		};
		A1226BC803DDE47000A80108 = {
			fileEncoding = 30;
			isa = PBXFileReference;
			name = crc.c;
			path = ../../crc.c;
			refType = 2;
		};
		A1226BC903DDE47000A80108 = {
			fileEncoding = 30;
			isa = PBXFileReference;
			name = events.c;
			path = ../../events.c;
			refType = 2;
		};
		A1226BCA03DDE47000A80108 = {
			fileEncoding = 30;
			isa = PBXFileReference;
			name = exec.c;
			path = ../../exec.c;
			refType = 2;
		};
		A1226BCB03DDE47000A80108 = {
			fileEncoding = 30;
			isa = PBXFileReference;
			name = exerror.c;
			path = ../../exerror.c;
			refType = 2;
		};
		A1226BCC03DDE47000A80108 = {
			fileEncoding = 30;
			isa = PBXFileReference;
			name = file.c;
			path = ../../file.c;
			refType = 2;
		};
		A1226BCD03DDE47000A80108 = {
			fileEncoding = 30;
			isa = PBXFileReference;
			name = findpath.c;
			path = ../../findpath.c;
			refType = 2;
		};
		A1226BCE03DDE47000A80108 = {
			fileEncoding = 30;
			isa = PBXFileReference;
			name = float.c;
			path = ../../float.c;
			refType = 2;
		};
		A1226BCF03DDE47000A80108 = {
			fileEncoding = 30;
			isa = PBXFileReference;
			name = forall.c;
			path = ../../forall.c;
			refType = 2;
		};
		A1226BD003DDE47000A80108 = {
			fileEncoding = 30;
			isa = PBXFileReference;
			name = func.c;
			path = ../../func.c;
			refType = 2;
		};
		A1226BD103DDE47000A80108 = {
			fileEncoding = 30;
			isa = PBXFileReference;
			name = handle.c;
			path = ../../handle.c;
			refType = 2;
		};
		A1226BD203DDE47000A80108 = {
			fileEncoding = 30;
			isa = PBXFileReference;
			name = icimain.c;
			path = ../../icimain.c;
			refType = 2;
		};
		A1226BD303DDE47000A80108 = {
			fileEncoding = 30;
			isa = PBXFileReference;
			name = idb.c;
			path = ../../idb.c;
			refType = 2;
		};
		A1226BD403DDE47000A80108 = {
			fileEncoding = 30;
			isa = PBXFileReference;
			name = idb2.c;
			path = ../../idb2.c;
			refType = 2;
		};
		A1226BD503DDE47000A80108 = {
			fileEncoding = 30;
			isa = PBXFileReference;
			name = init.c;
			path = ../../init.c;
			refType = 2;
		};
		A1226BD603DDE47000A80108 = {
			fileEncoding = 30;
			isa = PBXFileReference;
			name = int.c;
			path = ../../int.c;
			refType = 2;
		};
		A1226BD703DDE47000A80108 = {
			fileEncoding = 30;
			isa = PBXFileReference;
			name = lex.c;
			path = ../../lex.c;
			refType = 2;
		};
		A1226BD803DDE47000A80108 = {
			fileEncoding = 30;
			isa = PBXFileReference;
			name = load.c;
			path = ../../load.c;
			refType = 2;
		};
		A1226BD903DDE47000A80108 = {
			fileEncoding = 30;
			isa = PBXFileReference;
			name = mark.c;
			path = ../../mark.c;
			refType = 2;
		};
		A1226BDA03DDE47000A80108 = {
			fileEncoding = 30;
			isa = PBXFileReference;
			name = mem.c;
			path = ../../mem.c;
			refType = 2;
		};
		A1226BDB03DDE47000A80108 = {
			fileEncoding = 30;
			isa = PBXFileReference;
			name = method.c;
			path = ../../method.c;
			refType = 2;
		};
		A1226BDC03DDE47000A80108 = {
			fileEncoding = 30;
			isa = PBXFileReference;
			name = mkvar.c;
			path = ../../mkvar.c;
			refType = 2;
		};
		A1226BDD03DDE47000A80108 = {
			fileEncoding = 30;
			isa = PBXFileReference;
			name = null.c;
			path = ../../null.c;
			refType = 2;
		};
		A1226BDE03DDE47000A80108 = {
			fileEncoding = 30;
			isa = PBXFileReference;
			name = object.c;
			path = ../../object.c;
			refType = 2;
		};
		A1226BDF03DDE47000A80108 = {
			fileEncoding = 30;
			isa = PBXFileReference;
			name = oofuncs.c;
			path = ../../oofuncs.c;
			refType = 2;
		};
		A1226BE003DDE47000A80108 = {
			fileEncoding = 30;
			isa = PBXFileReference;
			name = op.c;
			path = ../../op.c;
			refType = 2;
		};
		A1226BE103DDE47000A80108 = {
			fileEncoding = 30;
			isa = PBXFileReference;
			name = parse.c;
			path = ../../parse.c;
			refType = 2;
		};
		A1226BE203DDE47000A80108 = {
			fileEncoding = 30;
			isa = PBXFileReference;
			name = pc.c;
			path = ../../pc.c;
			refType = 2;
		};
		A1226BE303DDE47000A80108 = {
			fileEncoding = 30;
			isa = PBXFileReference;
			name = profile.c;
			path = ../../profile.c;
			refType = 2;
		};
		A1226BE403DDE47000A80108 = {
			fileEncoding = 30;
			isa = PBXFileReference;
			name = ptr.c;
			path = ../../ptr.c;
			refType = 2;
		};
		A1226BE503DDE47000A80108 = {
			fileEncoding = 30;
			isa = PBXFileReference;
			name = refuncs.c;
			path = ../../refuncs.c;
			refType = 2;
		};
		A1226BE603DDE47000A80108 = {
			fileEncoding = 30;
			isa = PBXFileReference;
			name = regexp.c;
			path = ../../regexp.c;
			refType = 2;
		};
		A1226BE703DDE47000A80108 = {
			fileEncoding = 30;
			isa = PBXFileReference;
			name = set.c;
			path = ../../set.c;
			refType = 2;
		};
		A1226BE803DDE47000A80108 = {
			fileEncoding = 30;
			isa = PBXFileReference;
			name = sfile.c;
			path = ../../sfile.c;
			refType = 2;
		};
		A1226BE903DDE47000A80108 = {
			fileEncoding = 30;
			isa = PBXFileReference;
			name = signals.c;
			path = ../../signals.c;
			refType = 2;
		};
		A1226BEA03DDE47000A80108 = {
			fileEncoding = 30;
			isa = PBXFileReference;
			name = smash.c;
			path = ../../smash.c;
			refType = 2;
		};
		A1226BEB03DDE47000A80108 = {
			fileEncoding = 30;
			isa = PBXFileReference;
			name = src.c;
			path = ../../src.c;
			refType = 2;
		};
		A1226BEC03DDE47000A80108 = {
			fileEncoding = 30;
			isa = PBXFileReference;
			name = sstring.c;
			path = ../../sstring.c;
			refType = 2;
		};
		A1226BED03DDE47000A80108 = {
			fileEncoding = 30;
			isa = PBXFileReference;
			name = string.c;
			path = ../../string.c;
			refType = 2;
		};
		A1226BEE03DDE47000A80108 = {
			fileEncoding = 30;
			isa = PBXFileReference;
			name = strtol.c;
			path = ../../strtol.c;
			refType = 2;
		};
		A1226BEF03DDE47000A80108 = {
			fileEncoding = 30;
			isa = PBXFileReference;
			name = struct.c;
			path = ../../struct.c;
			refType = 2;
		};
		A1226BF003DDE47000A80108 = {
			fileEncoding = 30;
			isa = PBXFileReference;
			name = syserr.c;
			path = ../../syserr.c;
			refType = 2;
		};
		A1226BF103DDE47000A80108 = {
			fileEncoding = 30;
			isa = PBXFileReference;
			name = thread.c;
			path = ../../thread.c;
			refType = 2;
		};
		A1226BF203DDE47000A80108 = {
			fileEncoding = 30;
			isa = PBXFileReference;
			name = trace.c;
			path = ../../trace.c;
			refType = 2;
		};
		A1226BF303DDE47000A80108 = {
			fileEncoding = 30;
			isa = PBXFileReference;
			name = unary.c;
			path = ../../unary.c;
			refType = 2;
		};
		A1226BF403DDE47000A80108 = {
			fileEncoding = 30;
			isa = PBXFileReference;
			name = uninit.c;
			path = ../../uninit.c;
			refType = 2;
		};
		A1226BF503DDE47000A80108 = {
			fileRef = A1226BBA03DDE47000A80108;
			isa = PBXBuildFile;
			settings = {
			};
		};
		A1226BF603DDE47000A80108 = {
			fileRef = A1226BBB03DDE47000A80108;
			isa = PBXBuildFile;
			settings = {
			};
		};
		A1226BF703DDE47000A80108 = {
			fileRef = A1226BBC03DDE47000A80108;
			isa = PBXBuildFile;
			settings = {
			};
		};
		A1226BF803DDE47000A80108 = {
			fileRef = A1226BBD03DDE47000A80108;
			isa = PBXBuildFile;
			settings = {
			};
		};
		A1226BF903DDE47000A80108 = {
			fileRef = A1226BBE03DDE47000A80108;
			isa = PBXBuildFile;
			settings = {
			};
		};
		A1226BFA03DDE47000A80108 = {
			fileRef = A1226BBF03DDE47000A80108;
			isa = PBXBuildFile;
			settings = {
			};
		};
		A1226BFB03DDE47000A80108 = {
			fileRef = A1226BC003DDE47000A80108;
			isa = PBXBuildFile;
			settings = {
			};
		};
		A1226BFC03DDE47000A80108 = {
			fileRef = A1226BC103DDE47000A80108;
			isa = PBXBuildFile;
			settings = {
			};
		};
		A1226BFD03DDE47000A80108 = {
			fileRef = A1226BC203DDE47000A80108;
			isa = PBXBuildFile;
			settings = {
			};
		};
		A1226BFE03DDE47000A80108 = {
			fileRef = A1226BC303DDE47000A80108;
			isa = PBXBuildFile;
			settings = {
			};
		};
		A1226BFF03DDE47000A80108 = {
			fileRef = A1226BC403DDE47000A80108;
			isa = PBXBuildFile;
			settings = {
			};
		};
		A1226C0003DDE47000A80108 = {
			fileRef = A1226BC503DDE47000A80108;
			isa = PBXBuildFile;
			settings = {
			};
		};
		A1226C0103DDE47000A80108 = {
			fileRef = A1226BC603DDE47000A80108;
			isa = PBXBuildFile;
			settings = {
			};
		};
		A1226C0203DDE47000A80108 = {
			fileRef = A1226BC703DDE47000A80108;
			isa = PBXBuildFile;
			settings = {
			};
		};
		A1226C0303DDE47000A80108 = {
			fileRef = A1226BC803DDE47000A80108;
			isa = PBXBuildFile;
			settings = {
			};
		};
		A1226C0403DDE47000A80108 = {
			fileRef = A1226BC903DDE47000A80108;
			isa = PBXBuildFile;
			settings = {
			};
		};
		A1226C0503DDE47000A80108 = {
			fileRef = A1226BCA03DDE47000A80108;
			isa = PBXBuildFile;
			settings = {
			};
		};
		A1226C0603DDE47000A80108 = {
			fileRef = A1226BCB03DDE47000A80108;
			isa = PBXBuildFile;
			settings = {
			};
		};
		A1226C0703DDE47000A80108 = {
			fileRef = A1226BCC03DDE47000A80108;
			isa = PBXBuildFile;
			settings = {
			};
		};
		A1226C0803DDE47000A80108 = {
			fileRef = A1226BCD03DDE47000A80108;
			isa = PBXBuildFile;
			settings = {
			};
		};
		A1226C0903DDE47000A80108 = {
			fileRef = A1226BCE03DDE47000A80108;
			isa = PBXBuildFile;
			settings = {
			};
		};
		A1226C0A03DDE47000A80108 = {
			fileRef = A1226BCF03DDE47000A80108;
			isa = PBXBuildFile;
			settings = {
			};
		};
		A1226C0B03DDE47000A80108 = {
			fileRef = A1226BD003DDE47000A80108;
			isa = PBXBuildFile;
			settings = {
			};
		};
		A1226C0C03DDE47000A80108 = {
			fileRef = A1226BD103DDE47000A80108;
			isa = PBXBuildFile;
			settings = {
			};
		};
		A1226C0D03DDE47000A80108 = {
			fileRef = A1226BD203DDE47000A80108;
			isa = PBXBuildFile;
			settings = {
			};
		};
		A1226C0E03DDE47000A80108 = {
			fileRef = A1226BD303DDE47000A80108;
			isa = PBXBuildFile;
			settings = {
			};
		};
		A1226C0F03DDE47000A80108 = {
			fileRef = A1226BD403DDE47000A80108;
			isa = PBXBuildFile;
			settings = {
			};
		};
		A1226C1003DDE47000A80108 = {
			fileRef = A1226BD503DDE47000A80108;
			isa = PBXBuildFile;
			settings = {
			};
		};
		A1226C1103DDE47000A80108 = {
			fileRef = A1226BD603DDE47000A80108;
			isa = PBXBuildFile;
			settings = {
			};
		};
		A1226C1203DDE47000A80108 = {
			fileRef = A1226BD703DDE47000A80108;
			isa = PBXBuildFile;
			settings = {
			};
		};
		A1226C1303DDE47000A80108 = {
			fileRef = A1226BD803DDE47000A80108;
			isa = PBXBuildFile;
			settings = {
			};
		};
		A1226C1403DDE47000A80108 = {
			fileRef = A1226BD903DDE47000A80108;
			isa = PBXBuildFile;
			settings = {
			};
		};
		A1226C1503DDE47000A80108 = {
			fileRef = A1226BDA03DDE47000A80108;
			isa = PBXBuildFile;
			settings = {
			};
		};
		A1226C1603DDE47000A80108 = {
			fileRef = A1226BDB03DDE47000A80108;
			isa = PBXBuildFile;
			settings = {
			};
		};
		A1226C1703DDE47000A80108 = {
			fileRef = A1226BDC03DDE47000A80108;
			isa = PBXBuildFile;
			settings = {
			};
		};
		A1226C1803DDE47000A80108 = {
			fileRef = A1226BDD03DDE47000A80108;
			isa = PBXBuildFile;
			settings = {
			};
		};
		A1226C1903DDE47000A80108 = {
			fileRef = A1226BDE03DDE47000A80108;
			isa = PBXBuildFile;
			settings = {
			};
		};
		A1226C1A03DDE47000A80108 = {
			fileRef = A1226BDF03DDE47000A80108;
			isa = PBXBuildFile;
			settings = {
			};
		};
		A1226C1B03DDE47000A80108 = {
			fileRef = A1226BE003DDE47000A80108;
			isa = PBXBuildFile;
			settings = {
			};
		};
		A1226C1C03DDE47000A80108 = {
			fileRef = A1226BE103DDE47000A80108;
			isa = PBXBuildFile;
			settings = {
			};
		};
		A1226C1D03DDE47000A80108 = {
			fileRef = A1226BE203DDE47000A80108;
			isa = PBXBuildFile;
			settings = {
			};
		};
		A1226C1E03DDE47000A80108 = {
			fileRef = A1226BE303DDE47000A80108;
			isa = PBXBuildFile;
			settings = {
			};
		};
		A1226C1F03DDE47000A80108 = {
			fileRef = A1226BE403DDE47000A80108;
			isa = PBXBuildFile;
			settings = {
			};
		};
		A1226C2003DDE47000A80108 = {
			fileRef = A1226BE503DDE47000A80108;
			isa = PBXBuildFile;
			settings = {
			};
		};
		A1226C2103DDE47000A80108 = {
			fileRef = A1226BE603DDE47000A80108;
			isa = PBXBuildFile;
			settings = {
			};
		};
		A1226C2203DDE47000A80108 = {
			fileRef = A1226BE703DDE47000A80108;
			isa = PBXBuildFile;
			settings = {
			};
		};
		A1226C2303DDE47000A80108 = {
			fileRef = A1226BE803DDE47000A80108;
			isa = PBXBuildFile;
			settings = {
			};
		};
		A1226C2403DDE47000A80108 = {
			fileRef = A1226BE903DDE47000A80108;
			isa = PBXBuildFile;
			settings = {
			};
		};
		A1226C2503DDE47000A80108 = {
			fileRef = A1226BEA03DDE47000A80108;
			isa = PBXBuildFile;
			settings = {
			};
		};
		A1226C2603DDE47000A80108 = {
			fileRef = A1226BEB03DDE47000A80108;
			isa = PBXBuildFile;
			settings = {
			};
		};
		A1226C2703DDE47000A80108 = {
			fileRef = A1226BEC03DDE47000A80108;
			isa = PBXBuildFile;
			settings = {
			};
		};
		A1226C2803DDE47000A80108 = {
			fileRef = A1226BED03DDE47000A80108;
			isa = PBXBuildFile;
			settings = {
			};
		};
		A1226C2903DDE47000A80108 = {
			fileRef = A1226BEE03DDE47000A80108;
			isa = PBXBuildFile;
			settings = {
			};
		};
		A1226C2A03DDE47000A80108 = {
			fileRef = A1226BEF03DDE47000A80108;
			isa = PBXBuildFile;
			settings = {
			};
		};
		A1226C2B03DDE47000A80108 = {
			fileRef = A1226BF003DDE47000A80108;
			isa = PBXBuildFile;
			settings = {
			};
		};
		A1226C2C03DDE47000A80108 = {
			fileRef = A1226BF103DDE47000A80108;
			isa = PBXBuildFile;
			settings = {
			};
		};
		A1226C2D03DDE47000A80108 = {
			fileRef = A1226BF203DDE47000A80108;
			isa = PBXBuildFile;
			settings = {
			};
		};
		A1226C2E03DDE47000A80108 = {
			fileRef = A1226BF303DDE47000A80108;
			isa = PBXBuildFile;
			settings = {
			};
		};
		A1226C2F03DDE47000A80108 = {
			fileRef = A1226BF403DDE47000A80108;
			isa = PBXBuildFile;
			settings = {
			};
		};
		A1226C3003DDE4D100A80108 = {
			fileEncoding = 30;
			isa = PBXFileReference;
			name = alloc.h;
			path = ../../alloc.h;
			refType = 2;
		};
		A1226C3103DDE4D100A80108 = {
			fileEncoding = 30;
			isa = PBXFileReference;
			name = array.h;
			path = ../../array.h;
			refType = 2;
		};
		A1226C3203DDE4D100A80108 = {
			fileEncoding = 30;
			isa = PBXFileReference;
			name = binop.h;
			path = ../../binop.h;
			refType = 2;
		};
		A1226C3303DDE4D100A80108 = {
			fileEncoding = 30;
			isa = PBXFileReference;
			name = buf.h;
			path = ../../buf.h;
			refType = 2;
		};
		A1226C3403DDE4D100A80108 = {
			fileEncoding = 30;
			isa = PBXFileReference;
			name = catch.h;
			path = ../../catch.h;
			refType = 2;
		};
		A1226C3503DDE4D100A80108 = {
			fileEncoding = 30;
			isa = PBXFileReference;
			name = cfunc.h;
			path = ../../cfunc.h;
			refType = 2;
		};
		A1226C3603DDE4D100A80108 = {
			fileEncoding = 30;
			isa = PBXFileReference;
			name = "conf-osx.h";
			path = "../../conf-osx.h";
			refType = 2;
		};
		A1226C3703DDE4D100A80108 = {
			fileEncoding = 30;
			isa = PBXFileReference;
			name = exec.h;
			path = ../../exec.h;
			refType = 2;
		};
		A1226C3803DDE4D100A80108 = {
			fileEncoding = 30;
			isa = PBXFileReference;
			name = file.h;
			path = ../../file.h;
			refType = 2;
		};
		A1226C3903DDE4D100A80108 = {
			fileEncoding = 30;
			isa = PBXFileReference;
			name = float.h;
			path = ../../float.h;
			refType = 2;
		};
		A1226C3A03DDE4D100A80108 = {
			fileEncoding = 30;
			isa = PBXFileReference;
			name = forall.h;
			path = ../../forall.h;
			refType = 2;
		};
		A1226C3B03DDE4D100A80108 = {
			fileEncoding = 30;
			isa = PBXFileReference;
			name = func.h;
			path = ../../func.h;
			refType = 2;
		};
		A1226C3C03DDE4D100A80108 = {
			fileEncoding = 30;
			isa = PBXFileReference;
			name = fwd.h;
			path = ../../fwd.h;
			refType = 2;
		};
		A1226C3D03DDE4D100A80108 = {
			fileEncoding = 30;
			isa = PBXFileReference;
			name = handle.h;
			path = ../../handle.h;
			refType = 2;
		};
		A1226C3E03DDE4D100A80108 = {
			fileEncoding = 30;
			isa = PBXFileReference;
			name = "icistr-setup.h";
			path = "../../icistr-setup.h";
			refType = 2;
		};
		A1226C3F03DDE4D100A80108 = {
			fileEncoding = 30;
			isa = PBXFileReference;
			name = int.h;
			path = ../../int.h;
			refType = 2;
		};
		A1226C4003DDE4D100A80108 = {
			fileEncoding = 30;
			isa = PBXFileReference;
			name = mark.h;
			path = ../../mark.h;
			refType = 2;
		};
		A1226C4103DDE4D100A80108 = {
			fileEncoding = 30;
			isa = PBXFileReference;
			name = mem.h;
			path = ../../mem.h;
			refType = 2;
		};
		A1226C4203DDE4D100A80108 = {
			fileEncoding = 30;
			isa = PBXFileReference;
			name = method.h;
			path = ../../method.h;
			refType = 2;
		};
		A1226C4303DDE4D100A80108 = {
			fileEncoding = 30;
			isa = PBXFileReference;
			name = null.h;
			path = ../../null.h;
			refType = 2;
		};
		A1226C4403DDE4D100A80108 = {
			fileEncoding = 30;
			isa = PBXFileReference;
			name = object.h;
			path = ../../object.h;
			refType = 2;
		};
		A1226C4503DDE4D100A80108 = {
			fileEncoding = 30;
			isa = PBXFileReference;
			name = op.h;
			path = ../../op.h;
			refType = 2;
		};
		A1226C4603DDE4D100A80108 = {
			fileEncoding = 30;
			isa = PBXFileReference;
			name = parse.h;
			path = ../../parse.h;
			refType = 2;
		};
		A1226C4703DDE4D100A80108 = {
			fileEncoding = 30;
			isa = PBXFileReference;
			name = pc.h;
			path = ../../pc.h;
			refType = 2;
		};
		A1226C4803DDE4D100A80108 = {
			fileEncoding = 30;
			isa = PBXFileReference;
			name = primes.h;
			path = ../../primes.h;
			refType = 2;
		};
		A1226C4903DDE4D100A80108 = {
			fileEncoding = 30;
			isa = PBXFileReference;
			name = profile.h;
			path = ../../profile.h;
			refType = 2;
		};
		A1226C4A03DDE4D100A80108 = {
			fileEncoding = 30;
			isa = PBXFileReference;
			name = ptr.h;
			path = ../../ptr.h;
			refType = 2;
		};
		A1226C4B03DDE4D100A80108 = {
			fileEncoding = 30;
			isa = PBXFileReference;
			name = re.h;
			path = ../../re.h;
			refType = 2;
		};
		A1226C4C03DDE4D100A80108 = {
			fileEncoding = 30;
			isa = PBXFileReference;
			name = set.h;
			path = ../../set.h;
			refType = 2;
		};
		A1226C4D03DDE4D100A80108 = {
			fileEncoding = 30;
			isa = PBXFileReference;
			name = src.h;
			path = ../../src.h;
			refType = 2;
		};
		A1226C4E03DDE4D100A80108 = {
			fileEncoding = 30;
			isa = PBXFileReference;
			name = sstring.h;
			path = ../../sstring.h;
			refType = 2;
		};
		A1226C4F03DDE4D100A80108 = {
			fileEncoding = 30;
			isa = PBXFileReference;
			name = str.h;
			path = ../../str.h;
			refType = 2;
		};
		A1226C5003DDE4D100A80108 = {
			fileEncoding = 30;
			isa = PBXFileReference;
			name = struct.h;
			path = ../../struct.h;
			refType = 2;
		};
		A1226C5103DDE4D100A80108 = {
			fileEncoding = 30;
			isa = PBXFileReference;
			name = trace.h;
			path = ../../trace.h;
			refType = 2;
		};
		A1226C5203DDE4D100A80108 = {
			fileRef = A1226C3003DDE4D100A80108;
			isa = PBXBuildFile;
			settings = {
			};
		};
		A1226C5303DDE4D100A80108 = {
			fileRef = A1226C3103DDE4D100A80108;
			isa = PBXBuildFile;
			settings = {
			};
		};
		A1226C5403DDE4D100A80108 = {
			fileRef = A1226C3203DDE4D100A80108;
			isa = PBXBuildFile;
			settings = {
			};
		};
		A1226C5503DDE4D100A80108 = {
			fileRef = A1226C3303DDE4D100A80108;
			isa = PBXBuildFile;
			settings = {
			};
		};
		A1226C5603DDE4D100A80108 = {
			fileRef = A1226C3403DDE4D100A80108;
			isa = PBXBuildFile;
			settings = {
			};
		};
		A1226C5703DDE4D100A80108 = {
			fileRef = A1226C3503DDE4D100A80108;
			isa = PBXBuildFile;
			settings = {
			};
		};
		A1226C5803DDE4D100A80108 = {
			fileRef = A1226C3603DDE4D100A80108;
			isa = PBXBuildFile;
			settings = {
			};
		};
		A1226C5903DDE4D100A80108 = {
			fileRef = A1226C3703DDE4D100A80108;
			isa = PBXBuildFile;
			settings = {
			};
		};
		A1226C5A03DDE4D100A80108 = {
			fileRef = A1226C3803DDE4D100A80108;
			isa = PBXBuildFile;
			settings = {
			};
		};
		A1226C5B03DDE4D100A80108 = {
			fileRef = A1226C3903DDE4D100A80108;
			isa = PBXBuildFile;
			settings = {
			};
		};
		A1226C5C03DDE4D100A80108 = {
			fileRef = A1226C3A03DDE4D100A80108;
			isa = PBXBuildFile;
			settings = {
			};
		};
		A1226C5D03DDE4D100A80108 = {
			fileRef = A1226C3B03DDE4D100A80108;
			isa = PBXBuildFile;
			settings = {
			};
		};
		A1226C5E03DDE4D100A80108 = {
			fileRef = A1226C3C03DDE4D100A80108;
			isa = PBXBuildFile;
			settings = {
			};
		};
		A1226C5F03DDE4D100A80108 = {
			fileRef = A1226C3D03DDE4D100A80108;
			isa = PBXBuildFile;
			settings = {
			};
		};
		A1226C6003DDE4D100A80108 = {
			fileRef = A1226C3E03DDE4D100A80108;
			isa = PBXBuildFile;
			settings = {
				ATTRIBUTES = (
					Public,
				);
			};
		};
		A1226C6103DDE4D100A80108 = {
			fileRef = A1226C3F03DDE4D100A80108;
			isa = PBXBuildFile;
			settings = {
			};
		};
		A1226C6203DDE4D100A80108 = {
			fileRef = A1226C4003DDE4D100A80108;
			isa = PBXBuildFile;
			settings = {
			};
		};
		A1226C6303DDE4D100A80108 = {
			fileRef = A1226C4103DDE4D100A80108;
			isa = PBXBuildFile;
			settings = {
			};
		};
		A1226C6403DDE4D100A80108 = {
			fileRef = A1226C4203DDE4D100A80108;
			isa = PBXBuildFile;
			settings = {
			};
		};
		A1226C6503DDE4D100A80108 = {
			fileRef = A1226C4303DDE4D100A80108;
			isa = PBXBuildFile;
			settings = {
			};
		};
		A1226C6603DDE4D100A80108 = {
			fileRef = A1226C4403DDE4D100A80108;
			isa = PBXBuildFile;
			settings = {
			};
		};
		A1226C6703DDE4D100A80108 = {
			fileRef = A1226C4503DDE4D100A80108;
			isa = PBXBuildFile;
			settings = {
			};
		};
		A1226C6803DDE4D100A80108 = {
			fileRef = A1226C4603DDE4D100A80108;
			isa = PBXBuildFile;
			settings = {
			};
		};
		A1226C6903DDE4D100A80108 = {
			fileRef = A1226C4703DDE4D100A80108;
			isa = PBXBuildFile;
			settings = {
			};
		};
		A1226C6A03DDE4D100A80108 = {
			fileRef = A1226C4803DDE4D100A80108;
			isa = PBXBuildFile;
			settings = {
			};
		};
		A1226C6B03DDE4D100A80108 = {
			fileRef = A1226C4903DDE4D100A80108;
			isa = PBXBuildFile;
			settings = {
			};
		};
		A1226C6C03DDE4D100A80108 = {
			fileRef = A1226C4A03DDE4D100A80108;
			isa = PBXBuildFile;
			settings = {
			};
		};
		A1226C6D03DDE4D100A80108 = {
			fileRef = A1226C4B03DDE4D100A80108;
			isa = PBXBuildFile;
			settings = {
			};
		};
		A1226C6E03DDE4D100A80108 = {
			fileRef = A1226C4C03DDE4D100A80108;
			isa = PBXBuildFile;
			settings = {
			};
		};
		A1226C6F03DDE4D100A80108 = {
			fileRef = A1226C4D03DDE4D100A80108;
			isa = PBXBuildFile;
			settings = {
			};
		};
		A1226C7003DDE4D100A80108 = {
			fileRef = A1226C4E03DDE4D100A80108;
			isa = PBXBuildFile;
			settings = {
			};
		};
		A1226C7103DDE4D100A80108 = {
			fileRef = A1226C4F03DDE4D100A80108;
			isa = PBXBuildFile;
			settings = {
			};
		};
		A1226C7203DDE4D100A80108 = {
			fileRef = A1226C5003DDE4D100A80108;
			isa = PBXBuildFile;
			settings = {
			};
		};
		A1226C7303DDE4D100A80108 = {
			fileRef = A1226C5103DDE4D100A80108;
			isa = PBXBuildFile;
			settings = {
			};
		};
		A1226C7403DDE58800A80108 = {
			fileEncoding = 30;
			isa = PBXFileReference;
			name = maketables.c;
			path = ../../pcre/maketables.c;
			refType = 2;
		};
		A1226C7503DDE58800A80108 = {
			fileEncoding = 30;
			isa = PBXFileReference;
			name = pcre.c;
			path = ../../pcre/pcre.c;
			refType = 2;
		};
		A1226C7603DDE58800A80108 = {
			fileEncoding = 30;
			isa = PBXFileReference;
			name = study.c;
			path = ../../pcre/study.c;
			refType = 2;
		};
		A1226C7703DDE58800A80108 = {
			fileRef = A1226C7403DDE58800A80108;
			isa = PBXBuildFile;
			settings = {
			};
		};
		A1226C7803DDE58800A80108 = {
			fileRef = A1226C7503DDE58800A80108;
			isa = PBXBuildFile;
			settings = {
			};
		};
		A1226C7903DDE58800A80108 = {
			fileRef = A1226C7603DDE58800A80108;
			isa = PBXBuildFile;
			settings = {
			};
		};
		A1226C7A03DDE59E00A80108 = {
			fileEncoding = 30;
			isa = PBXFileReference;
			name = internal.h;
			path = ../../pcre/internal.h;
			refType = 2;
		};
		A1226C7B03DDE59E00A80108 = {
			fileEncoding = 30;
			isa = PBXFileReference;
			name = pcre.h;
			path = ../../pcre/pcre.h;
			refType = 2;
		};
		A1226C7C03DDE59E00A80108 = {
			fileRef = A1226C7A03DDE59E00A80108;
			isa = PBXBuildFile;
			settings = {
			};
		};
		A1226C7D03DDE59E00A80108 = {
			fileRef = A1226C7B03DDE59E00A80108;
			isa = PBXBuildFile;
			settings = {
			};
		};
		A1226C7E03DDE5B900A80108 = {
			fileEncoding = 30;
			isa = PBXFileReference;
			name = dlfcn_simple.c;
			path = ../dlfcn_simple.c;
			refType = 2;
		};
		A1226C7F03DDE5B900A80108 = {
			fileRef = A1226C7E03DDE5B900A80108;
			isa = PBXBuildFile;
			settings = {
			};
		};
	};
	rootObject = 0867D690FE84028FC02AAC07;
}
